// !$*UTF8*$!
{
	archiveVersion = 1;
	classes = {
	};
	objectVersion = 46;
	objects = {

/* Begin PBXBuildFile section */
		9EA758141A0C9F0200B2169B /* main.swift in Sources */ = {isa = PBXBuildFile; fileRef = 9EA758131A0C9F0200B2169B /* main.swift */; };
		9EA7581B1A0C9F9F00B2169B /* lazy.swift in Sources */ = {isa = PBXBuildFile; fileRef = 9EA7581A1A0C9F9F00B2169B /* lazy.swift */; };
/* End PBXBuildFile section */

/* Begin PBXCopyFilesBuildPhase section */
		9EA7580E1A0C9F0200B2169B /* CopyFiles */ = {
			isa = PBXCopyFilesBuildPhase;
			buildActionMask = 2147483647;
			dstPath = /usr/share/man/man1/;
			dstSubfolderSpec = 0;
			files = (
			);
			runOnlyForDeploymentPostprocessing = 1;
		};
/* End PBXCopyFilesBuildPhase section */

/* Begin PBXFileReference section */
		9EA758101A0C9F0200B2169B /* lazylist */ = {isa = PBXFileReference; explicitFileType = "compiled.mach-o.executable"; includeInIndex = 0; path = lazylist; sourceTree = BUILT_PRODUCTS_DIR; };
		9EA758131A0C9F0200B2169B /* main.swift */ = {isa = PBXFileReference; lastKnownFileType = sourcecode.swift; path = main.swift; sourceTree = "<group>"; };
		9EA7581A1A0C9F9F00B2169B /* lazy.swift */ = {isa = PBXFileReference; fileEncoding = 4; lastKnownFileType = sourcecode.swift; path = lazy.swift; sourceTree = "<group>"; };
/* End PBXFileReference section */

/* Begin PBXFrameworksBuildPhase section */
		9EA7580D1A0C9F0200B2169B /* Frameworks */ = {
			isa = PBXFrameworksBuildPhase;
			buildActionMask = 2147483647;
			files = (
			);
			runOnlyForDeploymentPostprocessing = 0;
		};
/* End PBXFrameworksBuildPhase section */

/* Begin PBXGroup section */
		9EA758071A0C9F0200B2169B = {
			isa = PBXGroup;
			children = (
				9EA758121A0C9F0200B2169B /* lazylist */,
				9EA758111A0C9F0200B2169B /* Products */,
			);
			sourceTree = "<group>";
		};
		9EA758111A0C9F0200B2169B /* Products */ = {
			isa = PBXGroup;
			children = (
				9EA758101A0C9F0200B2169B /* lazylist */,
			);
			name = Products;
			sourceTree = "<group>";
		};
		9EA758121A0C9F0200B2169B /* lazylist */ = {
			isa = PBXGroup;
			children = (
				9EA758131A0C9F0200B2169B /* main.swift */,
				9EA7581A1A0C9F9F00B2169B /* lazy.swift */,
			);
			path = lazylist;
			sourceTree = "<group>";
		};
/* End PBXGroup section */

/* Begin PBXNativeTarget section */
		9EA7580F1A0C9F0200B2169B /* lazylist */ = {
			isa = PBXNativeTarget;
			buildConfigurationList = 9EA758171A0C9F0200B2169B /* Build configuration list for PBXNativeTarget "lazylist" */;
			buildPhases = (
				9EA7580C1A0C9F0200B2169B /* Sources */,
				9EA7580D1A0C9F0200B2169B /* Frameworks */,
				9EA7580E1A0C9F0200B2169B /* CopyFiles */,
			);
			buildRules = (
			);
			dependencies = (
			);
			name = lazylist;
			productName = lazylist;
			productReference = 9EA758101A0C9F0200B2169B /* lazylist */;
			productType = "com.apple.product-type.tool";
		};
/* End PBXNativeTarget section */

/* Begin PBXProject section */
		9EA758081A0C9F0200B2169B /* Project object */ = {
			isa = PBXProject;
			attributes = {
				LastSwiftMigration = 0700;
				LastSwiftUpdateCheck = 0700;
				LastUpgradeCheck = 0610;
				ORGANIZATIONNAME = "Dan Kogai";
				TargetAttributes = {
					9EA7580F1A0C9F0200B2169B = {
						CreatedOnToolsVersion = 6.1;
					};
				};
			};
			buildConfigurationList = 9EA7580B1A0C9F0200B2169B /* Build configuration list for PBXProject "lazylist" */;
			compatibilityVersion = "Xcode 3.2";
			developmentRegion = English;
			hasScannedForEncodings = 0;
			knownRegions = (
				en,
			);
			mainGroup = 9EA758071A0C9F0200B2169B;
			productRefGroup = 9EA758111A0C9F0200B2169B /* Products */;
			projectDirPath = "";
			projectRoot = "";
			targets = (
				9EA7580F1A0C9F0200B2169B /* lazylist */,
			);
		};
/* End PBXProject section */

/* Begin PBXSourcesBuildPhase section */
		9EA7580C1A0C9F0200B2169B /* Sources */ = {
			isa = PBXSourcesBuildPhase;
			buildActionMask = 2147483647;
			files = (
				9EA758141A0C9F0200B2169B /* main.swift in Sources */,
				9EA7581B1A0C9F9F00B2169B /* lazy.swift in Sources */,
			);
			runOnlyForDeploymentPostprocessing = 0;
		};
/* End PBXSourcesBuildPhase section */

/* Begin XCBuildConfiguration section */
		9EA758151A0C9F0200B2169B /* Debug */ = {
			isa = XCBuildConfiguration;
			buildSettings = {
				ALWAYS_SEARCH_USER_PATHS = NO;
				CLANG_CXX_LANGUAGE_STANDARD = "gnu++0x";
				CLANG_CXX_LIBRARY = "libc++";
				CLANG_ENABLE_MODULES = YES;
				CLANG_ENABLE_OBJC_ARC = YES;
				CLANG_WARN_BOOL_CONVERSION = YES;
				CLANG_WARN_CONSTANT_CONVERSION = YES;
				CLANG_WARN_DIRECT_OBJC_ISA_USAGE = YES_ERROR;
				CLANG_WARN_EMPTY_BODY = YES;
				CLANG_WARN_ENUM_CONVERSION = YES;
				CLANG_WARN_INT_CONVERSION = YES;
				CLANG_WARN_OBJC_ROOT_CLASS = YES_ERROR;
				CLANG_WARN_UNREACHABLE_CODE = YES;
				CLANG_WARN__DUPLICATE_METHOD_MATCH = YES;
				COPY_PHASE_STRIP = NO;
				ENABLE_STRICT_OBJC_MSGSEND = YES;
				GCC_C_LANGUAGE_STANDARD = gnu99;
				GCC_DYNAMIC_NO_PIC = NO;
				GCC_OPTIMIZATION_LEVEL = 0;
				GCC_PREPROCESSOR_DEFINITIONS = (
					"DEBUG=1",
					"$(inherited)",
				);
				GCC_SYMBOLS_PRIVATE_EXTERN = NO;
				GCC_WARN_64_TO_32_BIT_CONVERSION = YES;
				GCC_WARN_ABOUT_RETURN_TYPE = YES_ERROR;
				GCC_WARN_UNDECLARED_SELECTOR = YES;
				GCC_WARN_UNINITIALIZED_AUTOS = YES_AGGRESSIVE;
				GCC_WARN_UNUSED_FUNCTION = YES;
				GCC_WARN_UNUSED_VARIABLE = YES;
				MACOSX_DEPLOYMENT_TARGET = 10.10;
				MTL_ENABLE_DEBUG_INFO = YES;
				ONLY_ACTIVE_ARCH = YES;
				SDKROOT = macosx;
				SWIFT_OPTIMIZATION_LEVEL = "-Onone";
			};
			name = Debug;
		};
		9EA758161A0C9F0200B2169B /* Release */ = {
			isa = XCBuildConfiguration;
			buildSettings = {
				ALWAYS_SEARCH_USER_PATHS = NO;
				CLANG_CXX_LANGUAGE_STANDARD = "gnu++0x";
				CLANG_CXX_LIBRARY = "libc++";
				CLANG_ENABLE_MODULES = YES;
				CLANG_ENABLE_OBJC_ARC = YES;
				CLANG_WARN_BOOL_CONVERSION = YES;
				CLANG_WARN_CONSTANT_CONVERSION = YES;
				CLANG_WARN_DIRECT_OBJC_ISA_USAGE = YES_ERROR;
				CLANG_WARN_EMPTY_BODY = YES;
				CLANG_WARN_ENUM_CONVERSION = YES;
				CLANG_WARN_INT_CONVERSION = YES;
				CLANG_WARN_OBJC_ROOT_CLASS = YES_ERROR;
				CLANG_WARN_UNREACHABLE_CODE = YES;
				CLANG_WARN__DUPLICATE_METHOD_MATCH = YES;
				COPY_PHASE_STRIP = YES;
				DEBUG_INFORMATION_FORMAT = "dwarf-with-dsym";
				ENABLE_NS_ASSERTIONS = NO;
				ENABLE_STRICT_OBJC_MSGSEND = YES;
				GCC_C_LANGUAGE_STANDARD = gnu99;
				GCC_WARN_64_TO_32_BIT_CONVERSION = YES;
				GCC_WARN_ABOUT_RETURN_TYPE = YES_ERROR;
				GCC_WARN_UNDECLARED_SELECTOR = YES;
				GCC_WARN_UNINITIALIZED_AUTOS = YES_AGGRESSIVE;
				GCC_WARN_UNUSED_FUNCTION = YES;
				GCC_WARN_UNUSED_VARIABLE = YES;
				MACOSX_DEPLOYMENT_TARGET = 10.10;
				MTL_ENABLE_DEBUG_INFO = NO;
				SDKROOT = macosx;
			};
			name = Release;
		};
		9EA758181A0C9F0200B2169B /* Debug */ = {
			isa = XCBuildConfiguration;
			buildSettings = {
				PRODUCT_NAME = "$(TARGET_NAME)";
			};
			name = Debug;
		};
		9EA758191A0C9F0200B2169B /* Release */ = {
			isa = XCBuildConfiguration;
			buildSettings = {
				PRODUCT_NAME = "$(TARGET_NAME)";
			};
			name = Release;
		};
/* End XCBuildConfiguration section */

/* Begin XCConfigurationList section */
		9EA7580B1A0C9F0200B2169B /* Build configuration list for PBXProject "lazylist" */ = {
			isa = XCConfigurationList;
			buildConfigurations = (
				9EA758151A0C9F0200B2169B /* Debug */,
				9EA758161A0C9F0200B2169B /* Release */,
			);
			defaultConfigurationIsVisible = 0;
			defaultConfigurationName = Release;
		};
		9EA758171A0C9F0200B2169B /* Build configuration list for PBXNativeTarget "lazylist" */ = {
			isa = XCConfigurationList;
			buildConfigurations = (
				9EA758181A0C9F0200B2169B /* Debug */,
				9EA758191A0C9F0200B2169B /* Release */,
			);
			defaultConfigurationIsVisible = 0;
			defaultConfigurationName = Release;
		};
/* End XCConfigurationList section */
	};
	rootObject = 9EA758081A0C9F0200B2169B /* Project object */;
}
